
Microsoft Visual Studio Solution File, Format Version 12.00
# Visual Studio Version 17
VisualStudioVersion = 17.14.36603.0 d17.14
MinimumVisualStudioVersion = 10.0.40219.1
Project("{FAE04EC0-301F-11D3-BF4B-00C04F79EFBC}") = "InternalTrain", "InternalTrain\InternalTrain.csproj", "{981AFDBA-EDFB-4B11-A08B-57B34E00ADF4}"
EndProject
Project("{FAE04EC0-301F-11D3-BF4B-00C04F79EFBC}") = "ExternalProject", "ExternalProject\ExternalProject.csproj", "{735B566E-C0DD-4934-8D97-A089E740B49C}"
EndProject
Global
	GlobalSection(SolutionConfigurationPlatforms) = preSolution
		Debug|Any CPU = Debug|Any CPU
		Release|Any CPU = Release|Any CPU
	EndGlobalSection
	GlobalSection(ProjectConfigurationPlatforms) = postSolution
		{981AFDBA-EDFB-4B11-A08B-57B34E00ADF4}.Debug|Any CPU.ActiveCfg = Debug|Any CPU
		{981AFDBA-EDFB-4B11-A08B-57B34E00ADF4}.Debug|Any CPU.Build.0 = Debug|Any CPU
		{981AFDBA-EDFB-4B11-A08B-57B34E00ADF4}.Release|Any CPU.ActiveCfg = Release|Any CPU
		{981AFDBA-EDFB-4B11-A08B-57B34E00ADF4}.Release|Any CPU.Build.0 = Release|Any CPU
		{735B566E-C0DD-4934-8D97-A089E740B49C}.Debug|Any CPU.ActiveCfg = Debug|Any CPU
		{735B566E-C0DD-4934-8D97-A089E740B49C}.Debug|Any CPU.Build.0 = Debug|Any CPU
		{735B566E-C0DD-4934-8D97-A089E740B49C}.Release|Any CPU.ActiveCfg = Release|Any CPU
		{735B566E-C0DD-4934-8D97-A089E740B49C}.Release|Any CPU.Build.0 = Release|Any CPU
	EndGlobalSection
	GlobalSection(SolutionProperties) = preSolution
		HideSolutionNode = FALSE
	EndGlobalSection
	GlobalSection(ExtensibilityGlobals) = postSolution
		SolutionGuid = {7F22995C-CFEC-48F5-9C99-FDB2099F6561}
	EndGlobalSection
EndGlobal
