
Microsoft Visual Studio Solution File, Format Version 12.00
# Visual Studio Version 17
VisualStudioVersion = 17.14.36603.0 d17.14
MinimumVisualStudioVersion = 10.0.40219.1
Project("{FAE04EC0-301F-11D3-BF4B-00C04F79EFBC}") = "FileTrain", "FileTrain\FileTrain.csproj", "{4982F87B-C58B-4D8E-AFF7-E6E2BA92D40F}"
EndProject
Global
	GlobalSection(SolutionConfigurationPlatforms) = preSolution
		Debug|Any CPU = Debug|Any CPU
		Release|Any CPU = Release|Any CPU
	EndGlobalSection
	GlobalSection(ProjectConfigurationPlatforms) = postSolution
		{4982F87B-C58B-4D8E-AFF7-E6E2BA92D40F}.Debug|Any CPU.ActiveCfg = Debug|Any CPU
		{4982F87B-C58B-4D8E-AFF7-E6E2BA92D40F}.Debug|Any CPU.Build.0 = Debug|Any CPU
		{4982F87B-C58B-4D8E-AFF7-E6E2BA92D40F}.Release|Any CPU.ActiveCfg = Release|Any CPU
		{4982F87B-C58B-4D8E-AFF7-E6E2BA92D40F}.Release|Any CPU.Build.0 = Release|Any CPU
	EndGlobalSection
	GlobalSection(SolutionProperties) = preSolution
		HideSolutionNode = FALSE
	EndGlobalSection
	GlobalSection(ExtensibilityGlobals) = postSolution
		SolutionGuid = {BA81A308-3926-4218-9E84-BF2EF7B0D56F}
	EndGlobalSection
EndGlobal
