
Microsoft Visual Studio Solution File, Format Version 12.00
# Visual Studio Version 17
VisualStudioVersion = 17.14.37614.0
MinimumVisualStudioVersion = 10.0.40219.1
Project("{FAE04EC0-301F-11D3-BF4B-00C04F79EFBC}") = "InterfaceTrain", "InterfaceTrain\InterfaceTrain.csproj", "{3E02EE52-2211-4344-B3EF-F75E830BD08A}"
EndProject
Project("{FAE04EC0-301F-11D3-BF4B-00C04F79EFBC}") = "IntarfacePractic", "IntarfacePractic\IntarfacePractic.csproj", "{CE63EB05-23A8-4D85-BED4-B3AAB7F55882}"
EndProject
Project("{FAE04EC0-301F-11D3-BF4B-00C04F79EFBC}") = "InterfaceDiContain", "InterfaceDiContain\InterfaceDiContain.csproj", "{9C0BC2BD-02F4-40D8-A585-F97097C7EF3D}"
EndProject
Global
	GlobalSection(SolutionConfigurationPlatforms) = preSolution
		Debug|Any CPU = Debug|Any CPU
		Release|Any CPU = Release|Any CPU
	EndGlobalSection
	GlobalSection(ProjectConfigurationPlatforms) = postSolution
		{3E02EE52-2211-4344-B3EF-F75E830BD08A}.Debug|Any CPU.ActiveCfg = Debug|Any CPU
		{3E02EE52-2211-4344-B3EF-F75E830BD08A}.Debug|Any CPU.Build.0 = Debug|Any CPU
		{3E02EE52-2211-4344-B3EF-F75E830BD08A}.Release|Any CPU.ActiveCfg = Release|Any CPU
		{3E02EE52-2211-4344-B3EF-F75E830BD08A}.Release|Any CPU.Build.0 = Release|Any CPU
		{CE63EB05-23A8-4D85-BED4-B3AAB7F55882}.Debug|Any CPU.ActiveCfg = Debug|Any CPU
		{CE63EB05-23A8-4D85-BED4-B3AAB7F55882}.Debug|Any CPU.Build.0 = Debug|Any CPU
		{CE63EB05-23A8-4D85-BED4-B3AAB7F55882}.Release|Any CPU.ActiveCfg = Release|Any CPU
		{CE63EB05-23A8-4D85-BED4-B3AAB7F55882}.Release|Any CPU.Build.0 = Release|Any CPU
		{9C0BC2BD-02F4-40D8-A585-F97097C7EF3D}.Debug|Any CPU.ActiveCfg = Debug|Any CPU
		{9C0BC2BD-02F4-40D8-A585-F97097C7EF3D}.Debug|Any CPU.Build.0 = Debug|Any CPU
		{9C0BC2BD-02F4-40D8-A585-F97097C7EF3D}.Release|Any CPU.ActiveCfg = Release|Any CPU
		{9C0BC2BD-02F4-40D8-A585-F97097C7EF3D}.Release|Any CPU.Build.0 = Release|Any CPU
	EndGlobalSection
	GlobalSection(SolutionProperties) = preSolution
		HideSolutionNode = FALSE
	EndGlobalSection
	GlobalSection(ExtensibilityGlobals) = postSolution
		SolutionGuid = {9A382BED-F5A2-4D41-AAEA-19812FB55301}
	EndGlobalSection
EndGlobal
