
Microsoft Visual Studio Solution File, Format Version 12.00
# Visual Studio Version 17
VisualStudioVersion = 17.14.36603.0 d17.14
MinimumVisualStudioVersion = 10.0.40219.1
Project("{FAE04EC0-301F-11D3-BF4B-00C04F79EFBC}") = "TypeСonversion", "TypeСonversion\TypeСonversion.csproj", "{39D51C9C-FE95-4D76-BE08-B6C103FDCF31}"
EndProject
Global
	GlobalSection(SolutionConfigurationPlatforms) = preSolution
		Debug|Any CPU = Debug|Any CPU
		Release|Any CPU = Release|Any CPU
	EndGlobalSection
	GlobalSection(ProjectConfigurationPlatforms) = postSolution
		{39D51C9C-FE95-4D76-BE08-B6C103FDCF31}.Debug|Any CPU.ActiveCfg = Debug|Any CPU
		{39D51C9C-FE95-4D76-BE08-B6C103FDCF31}.Debug|Any CPU.Build.0 = Debug|Any CPU
		{39D51C9C-FE95-4D76-BE08-B6C103FDCF31}.Release|Any CPU.ActiveCfg = Release|Any CPU
		{39D51C9C-FE95-4D76-BE08-B6C103FDCF31}.Release|Any CPU.Build.0 = Release|Any CPU
	EndGlobalSection
	GlobalSection(SolutionProperties) = preSolution
		HideSolutionNode = FALSE
	EndGlobalSection
	GlobalSection(ExtensibilityGlobals) = postSolution
		SolutionGuid = {758A724B-84DD-456A-AB91-DB8ECC80EAF2}
	EndGlobalSection
EndGlobal
