
Microsoft Visual Studio Solution File, Format Version 12.00
# Visual Studio Version 17
VisualStudioVersion = 17.14.36603.0 d17.14
MinimumVisualStudioVersion = 10.0.40219.1
Project("{FAE04EC0-301F-11D3-BF4B-00C04F79EFBC}") = "AbstractClass", "AbstractClass\AbstractClass.csproj", "{8FAF4411-433A-4A11-A204-1D3FCAEB4A5B}"
EndProject
Global
	GlobalSection(SolutionConfigurationPlatforms) = preSolution
		Debug|Any CPU = Debug|Any CPU
		Release|Any CPU = Release|Any CPU
	EndGlobalSection
	GlobalSection(ProjectConfigurationPlatforms) = postSolution
		{8FAF4411-433A-4A11-A204-1D3FCAEB4A5B}.Debug|Any CPU.ActiveCfg = Debug|Any CPU
		{8FAF4411-433A-4A11-A204-1D3FCAEB4A5B}.Debug|Any CPU.Build.0 = Debug|Any CPU
		{8FAF4411-433A-4A11-A204-1D3FCAEB4A5B}.Release|Any CPU.ActiveCfg = Release|Any CPU
		{8FAF4411-433A-4A11-A204-1D3FCAEB4A5B}.Release|Any CPU.Build.0 = Release|Any CPU
	EndGlobalSection
	GlobalSection(SolutionProperties) = preSolution
		HideSolutionNode = FALSE
	EndGlobalSection
	GlobalSection(ExtensibilityGlobals) = postSolution
		SolutionGuid = {C5AC7D05-0EEE-45F9-A4DC-6A104AEE90AD}
	EndGlobalSection
EndGlobal
