
Microsoft Visual Studio Solution File, Format Version 12.00
# Visual Studio Version 17
VisualStudioVersion = 17.14.36603.0 d17.14
MinimumVisualStudioVersion = 10.0.40219.1
Project("{FAE04EC0-301F-11D3-BF4B-00C04F79EFBC}") = "StaticModifier", "StaticModifier\StaticModifier.csproj", "{72A824C8-43DB-448E-BEA5-75DBB7C1DB44}"
EndProject
Global
	GlobalSection(SolutionConfigurationPlatforms) = preSolution
		Debug|Any CPU = Debug|Any CPU
		Release|Any CPU = Release|Any CPU
	EndGlobalSection
	GlobalSection(ProjectConfigurationPlatforms) = postSolution
		{72A824C8-43DB-448E-BEA5-75DBB7C1DB44}.Debug|Any CPU.ActiveCfg = Debug|Any CPU
		{72A824C8-43DB-448E-BEA5-75DBB7C1DB44}.Debug|Any CPU.Build.0 = Debug|Any CPU
		{72A824C8-43DB-448E-BEA5-75DBB7C1DB44}.Release|Any CPU.ActiveCfg = Release|Any CPU
		{72A824C8-43DB-448E-BEA5-75DBB7C1DB44}.Release|Any CPU.Build.0 = Release|Any CPU
	EndGlobalSection
	GlobalSection(SolutionProperties) = preSolution
		HideSolutionNode = FALSE
	EndGlobalSection
	GlobalSection(ExtensibilityGlobals) = postSolution
		SolutionGuid = {EF4C3858-6AF0-4B18-BB9F-E8E49A470396}
	EndGlobalSection
EndGlobal
